// !$*UTF8*$!
{
	archiveVersion = 1;
	classes = {
	};
	objectVersion = 50;
	objects = {

/* Begin PBXBuildFile section */
		F5A1428022A7FA3E008D0DAA /* AppDelegate.swift in Sources */ = {isa = PBXBuildFile; fileRef = F5A1427F22A7FA3E008D0DAA /* AppDelegate.swift */; };
		F5A1428522A7FA3E008D0DAA /* Main.storyboard in Resources */ = {isa = PBXBuildFile; fileRef = F5A1428322A7FA3E008D0DAA /* Main.storyboard */; };
		F5A1428822A7FA3E008D0DAA /* todo.xcdatamodeld in Sources */ = {isa = PBXBuildFile; fileRef = F5A1428622A7FA3E008D0DAA /* todo.xcdatamodeld */; };
		F5A1428A22A7FA3F008D0DAA /* Assets.xcassets in Resources */ = {isa = PBXBuildFile; fileRef = F5A1428922A7FA3F008D0DAA /* Assets.xcassets */; };
		F5A1428D22A7FA3F008D0DAA /* LaunchScreen.storyboard in Resources */ = {isa = PBXBuildFile; fileRef = F5A1428B22A7FA3F008D0DAA /* LaunchScreen.storyboard */; };
		F5A1429822A7FA3F008D0DAA /* todoTests.swift in Sources */ = {isa = PBXBuildFile; fileRef = F5A1429722A7FA3F008D0DAA /* todoTests.swift */; };
		F5A142A322A7FA3F008D0DAA /* todoUITests.swift in Sources */ = {isa = PBXBuildFile; fileRef = F5A142A222A7FA3F008D0DAA /* todoUITests.swift */; };
		F5A142B122A80349008D0DAA /* ToDoTableViewController.swift in Sources */ = {isa = PBXBuildFile; fileRef = F5A142B022A80349008D0DAA /* ToDoTableViewController.swift */; };
		F5A142B322A8039D008D0DAA /* ToDo.swift in Sources */ = {isa = PBXBuildFile; fileRef = F5A142B222A8039D008D0DAA /* ToDo.swift */; };
		F5CCCD0922A80D69005FAC58 /* AddToDoViewController.swift in Sources */ = {isa = PBXBuildFile; fileRef = F5CCCD0822A80D69005FAC58 /* AddToDoViewController.swift */; };
		F5CCCD0B22A81272005FAC58 /* CompleteToDoViewController.swift in Sources */ = {isa = PBXBuildFile; fileRef = F5CCCD0A22A81272005FAC58 /* CompleteToDoViewController.swift */; };
/* End PBXBuildFile section */

/* Begin PBXContainerItemProxy section */
		F5A1429422A7FA3F008D0DAA /* PBXContainerItemProxy */ = {
			isa = PBXContainerItemProxy;
			containerPortal = F5A1427422A7FA3E008D0DAA /* Project object */;
			proxyType = 1;
			remoteGlobalIDString = F5A1427B22A7FA3E008D0DAA;
			remoteInfo = todo;
		};
		F5A1429F22A7FA3F008D0DAA /* PBXContainerItemProxy */ = {
			isa = PBXContainerItemProxy;
			containerPortal = F5A1427422A7FA3E008D0DAA /* Project object */;
			proxyType = 1;
			remoteGlobalIDString = F5A1427B22A7FA3E008D0DAA;
			remoteInfo = todo;
		};
/* End PBXContainerItemProxy section */

/* Begin PBXFileReference section */
		F5A1427C22A7FA3E008D0DAA /* todo.app */ = {isa = PBXFileReference; explicitFileType = wrapper.application; includeInIndex = 0; path = todo.app; sourceTree = BUILT_PRODUCTS_DIR; };
		F5A1427F22A7FA3E008D0DAA /* AppDelegate.swift */ = {isa = PBXFileReference; lastKnownFileType = sourcecode.swift; path = AppDelegate.swift; sourceTree = "<group>"; };
		F5A1428422A7FA3E008D0DAA /* Base */ = {isa = PBXFileReference; lastKnownFileType = file.storyboard; name = Base; path = Base.lproj/Main.storyboard; sourceTree = "<group>"; };
		F5A1428722A7FA3E008D0DAA /* todo.xcdatamodel */ = {isa = PBXFileReference; lastKnownFileType = wrapper.xcdatamodel; path = todo.xcdatamodel; sourceTree = "<group>"; };
		F5A1428922A7FA3F008D0DAA /* Assets.xcassets */ = {isa = PBXFileReference; lastKnownFileType = folder.assetcatalog; path = Assets.xcassets; sourceTree = "<group>"; };
		F5A1428C22A7FA3F008D0DAA /* Base */ = {isa = PBXFileReference; lastKnownFileType = file.storyboard; name = Base; path = Base.lproj/LaunchScreen.storyboard; sourceTree = "<group>"; };
		F5A1428E22A7FA3F008D0DAA /* Info.plist */ = {isa = PBXFileReference; lastKnownFileType = text.plist.xml; path = Info.plist; sourceTree = "<group>"; };
		F5A1429322A7FA3F008D0DAA /* todoTests.xctest */ = {isa = PBXFileReference; explicitFileType = wrapper.cfbundle; includeInIndex = 0; path = todoTests.xctest; sourceTree = BUILT_PRODUCTS_DIR; };
		F5A1429722A7FA3F008D0DAA /* todoTests.swift */ = {isa = PBXFileReference; lastKnownFileType = sourcecode.swift; path = todoTests.swift; sourceTree = "<group>"; };
		F5A1429922A7FA3F008D0DAA /* Info.plist */ = {isa = PBXFileReference; lastKnownFileType = text.plist.xml; path = Info.plist; sourceTree = "<group>"; };
		F5A1429E22A7FA3F008D0DAA /* todoUITests.xctest */ = {isa = PBXFileReference; explicitFileType = wrapper.cfbundle; includeInIndex = 0; path = todoUITests.xctest; sourceTree = BUILT_PRODUCTS_DIR; };
		F5A142A222A7FA3F008D0DAA /* todoUITests.swift */ = {isa = PBXFileReference; lastKnownFileType = sourcecode.swift; path = todoUITests.swift; sourceTree = "<group>"; };
		F5A142A422A7FA3F008D0DAA /* Info.plist */ = {isa = PBXFileReference; lastKnownFileType = text.plist.xml; path = Info.plist; sourceTree = "<group>"; };
		F5A142B022A80349008D0DAA /* ToDoTableViewController.swift */ = {isa = PBXFileReference; lastKnownFileType = sourcecode.swift; path = ToDoTableViewController.swift; sourceTree = "<group>"; };
		F5A142B222A8039D008D0DAA /* ToDo.swift */ = {isa = PBXFileReference; lastKnownFileType = sourcecode.swift; path = ToDo.swift; sourceTree = "<group>"; };
		F5CCCD0822A80D69005FAC58 /* AddToDoViewController.swift */ = {isa = PBXFileReference; lastKnownFileType = sourcecode.swift; path = AddToDoViewController.swift; sourceTree = "<group>"; };
		F5CCCD0A22A81272005FAC58 /* CompleteToDoViewController.swift */ = {isa = PBXFileReference; lastKnownFileType = sourcecode.swift; path = CompleteToDoViewController.swift; sourceTree = "<group>"; };
/* End PBXFileReference section */

/* Begin PBXFrameworksBuildPhase section */
		F5A1427922A7FA3E008D0DAA /* Frameworks */ = {
			isa = PBXFrameworksBuildPhase;
			buildActionMask = 2147483647;
			files = (
			);
			runOnlyForDeploymentPostprocessing = 0;
		};
		F5A1429022A7FA3F008D0DAA /* Frameworks */ = {
			isa = PBXFrameworksBuildPhase;
			buildActionMask = 2147483647;
			files = (
			);
			runOnlyForDeploymentPostprocessing = 0;
		};
		F5A1429B22A7FA3F008D0DAA /* Frameworks */ = {
			isa = PBXFrameworksBuildPhase;
			buildActionMask = 2147483647;
			files = (
			);
			runOnlyForDeploymentPostprocessing = 0;
		};
/* End PBXFrameworksBuildPhase section */

/* Begin PBXGroup section */
		F5A1427322A7FA3E008D0DAA = {
			isa = PBXGroup;
			children = (
				F5A1427E22A7FA3E008D0DAA /* todo */,
				F5A1429622A7FA3F008D0DAA /* todoTests */,
				F5A142A122A7FA3F008D0DAA /* todoUITests */,
				F5A1427D22A7FA3E008D0DAA /* Products */,
			);
			sourceTree = "<group>";
		};
		F5A1427D22A7FA3E008D0DAA /* Products */ = {
			isa = PBXGroup;
			children = (
				F5A1427C22A7FA3E008D0DAA /* todo.app */,
				F5A1429322A7FA3F008D0DAA /* todoTests.xctest */,
				F5A1429E22A7FA3F008D0DAA /* todoUITests.xctest */,
			);
			name = Products;
			sourceTree = "<group>";
		};
		F5A1427E22A7FA3E008D0DAA /* todo */ = {
			isa = PBXGroup;
			children = (
				F5A1427F22A7FA3E008D0DAA /* AppDelegate.swift */,
				F5A1428322A7FA3E008D0DAA /* Main.storyboard */,
				F5A1428922A7FA3F008D0DAA /* Assets.xcassets */,
				F5A1428B22A7FA3F008D0DAA /* LaunchScreen.storyboard */,
				F5A1428E22A7FA3F008D0DAA /* Info.plist */,
				F5A1428622A7FA3E008D0DAA /* todo.xcdatamodeld */,
				F5A142B022A80349008D0DAA /* ToDoTableViewController.swift */,
				F5A142B222A8039D008D0DAA /* ToDo.swift */,
				F5CCCD0822A80D69005FAC58 /* AddToDoViewController.swift */,
				F5CCCD0A22A81272005FAC58 /* CompleteToDoViewController.swift */,
			);
			path = todo;
			sourceTree = "<group>";
		};
		F5A1429622A7FA3F008D0DAA /* todoTests */ = {
			isa = PBXGroup;
			children = (
				F5A1429722A7FA3F008D0DAA /* todoTests.swift */,
				F5A1429922A7FA3F008D0DAA /* Info.plist */,
			);
			path = todoTests;
			sourceTree = "<group>";
		};
		F5A142A122A7FA3F008D0DAA /* todoUITests */ = {
			isa = PBXGroup;
			children = (
				F5A142A222A7FA3F008D0DAA /* todoUITests.swift */,
				F5A142A422A7FA3F008D0DAA /* Info.plist */,
			);
			path = todoUITests;
			sourceTree = "<group>";
		};
/* End PBXGroup section */

/* Begin PBXNativeTarget section */
		F5A1427B22A7FA3E008D0DAA /* todo */ = {
			isa = PBXNativeTarget;
			buildConfigurationList = F5A142A722A7FA3F008D0DAA /* Build configuration list for PBXNativeTarget "todo" */;
			buildPhases = (
				F5A1427822A7FA3E008D0DAA /* Sources */,
				F5A1427922A7FA3E008D0DAA /* Frameworks */,
				F5A1427A22A7FA3E008D0DAA /* Resources */,
			);
			buildRules = (
			);
			dependencies = (
			);
			name = todo;
			productName = todo;
			productReference = F5A1427C22A7FA3E008D0DAA /* todo.app */;
			productType = "com.apple.product-type.application";
		};
		F5A1429222A7FA3F008D0DAA /* todoTests */ = {
			isa = PBXNativeTarget;
			buildConfigurationList = F5A142AA22A7FA3F008D0DAA /* Build configuration list for PBXNativeTarget "todoTests" */;
			buildPhases = (
				F5A1428F22A7FA3F008D0DAA /* Sources */,
				F5A1429022A7FA3F008D0DAA /* Frameworks */,
				F5A1429122A7FA3F008D0DAA /* Resources */,
			);
			buildRules = (
			);
			dependencies = (
				F5A1429522A7FA3F008D0DAA /* PBXTargetDependency */,
			);
			name = todoTests;
			productName = todoTests;
			productReference = F5A1429322A7FA3F008D0DAA /* todoTests.xctest */;
			productType = "com.apple.product-type.bundle.unit-test";
		};
		F5A1429D22A7FA3F008D0DAA /* todoUITests */ = {
			isa = PBXNativeTarget;
			buildConfigurationList = F5A142AD22A7FA3F008D0DAA /* Build configuration list for PBXNativeTarget "todoUITests" */;
			buildPhases = (
				F5A1429A22A7FA3F008D0DAA /* Sources */,
				F5A1429B22A7FA3F008D0DAA /* Frameworks */,
				F5A1429C22A7FA3F008D0DAA /* Resources */,
			);
			buildRules = (
			);
			dependencies = (
				F5A142A022A7FA3F008D0DAA /* PBXTargetDependency */,
			);
			name = todoUITests;
			productName = todoUITests;
			productReference = F5A1429E22A7FA3F008D0DAA /* todoUITests.xctest */;
			productType = "com.apple.product-type.bundle.ui-testing";
		};
/* End PBXNativeTarget section */

/* Begin PBXProject section */
		F5A1427422A7FA3E008D0DAA /* Project object */ = {
			isa = PBXProject;
			attributes = {
				LastSwiftUpdateCheck = 1020;
				LastUpgradeCheck = 1020;
				ORGANIZATIONNAME = "Zachary Howarth";
				TargetAttributes = {
					F5A1427B22A7FA3E008D0DAA = {
						CreatedOnToolsVersion = 10.2.1;
					};
					F5A1429222A7FA3F008D0DAA = {
						CreatedOnToolsVersion = 10.2.1;
						TestTargetID = F5A1427B22A7FA3E008D0DAA;
					};
					F5A1429D22A7FA3F008D0DAA = {
						CreatedOnToolsVersion = 10.2.1;
						TestTargetID = F5A1427B22A7FA3E008D0DAA;
					};
				};
			};
			buildConfigurationList = F5A1427722A7FA3E008D0DAA /* Build configuration list for PBXProject "todo" */;
			compatibilityVersion = "Xcode 9.3";
			developmentRegion = en;
			hasScannedForEncodings = 0;
			knownRegions = (
				en,
				Base,
			);
			mainGroup = F5A1427322A7FA3E008D0DAA;
			productRefGroup = F5A1427D22A7FA3E008D0DAA /* Products */;
			projectDirPath = "";
			projectRoot = "";
			targets = (
				F5A1427B22A7FA3E008D0DAA /* todo */,
				F5A1429222A7FA3F008D0DAA /* todoTests */,
				F5A1429D22A7FA3F008D0DAA /* todoUITests */,
			);
		};
/* End PBXProject section */

/* Begin PBXResourcesBuildPhase section */
		F5A1427A22A7FA3E008D0DAA /* Resources */ = {
			isa = PBXResourcesBuildPhase;
			buildActionMask = 2147483647;
			files = (
				F5A1428D22A7FA3F008D0DAA /* LaunchScreen.storyboard in Resources */,
				F5A1428A22A7FA3F008D0DAA /* Assets.xcassets in Resources */,
				F5A1428522A7FA3E008D0DAA /* Main.storyboard in Resources */,
			);
			runOnlyForDeploymentPostprocessing = 0;
		};
		F5A1429122A7FA3F008D0DAA /* Resources */ = {
			isa = PBXResourcesBuildPhase;
			buildActionMask = 2147483647;
			files = (
			);
			runOnlyForDeploymentPostprocessing = 0;
		};
		F5A1429C22A7FA3F008D0DAA /* Resources */ = {
			isa = PBXResourcesBuildPhase;
			buildActionMask = 2147483647;
			files = (
			);
			runOnlyForDeploymentPostprocessing = 0;
		};
/* End PBXResourcesBuildPhase section */

/* Begin PBXSourcesBuildPhase section */
		F5A1427822A7FA3E008D0DAA /* Sources */ = {
			isa = PBXSourcesBuildPhase;
			buildActionMask = 2147483647;
			files = (
				F5A1428022A7FA3E008D0DAA /* AppDelegate.swift in Sources */,
				F5A142B122A80349008D0DAA /* ToDoTableViewController.swift in Sources */,
				F5CCCD0922A80D69005FAC58 /* AddToDoViewController.swift in Sources */,
				F5A1428822A7FA3E008D0DAA /* todo.xcdatamodeld in Sources */,
				F5CCCD0B22A81272005FAC58 /* CompleteToDoViewController.swift in Sources */,
				F5A142B322A8039D008D0DAA /* ToDo.swift in Sources */,
			);
			runOnlyForDeploymentPostprocessing = 0;
		};
		F5A1428F22A7FA3F008D0DAA /* Sources */ = {
			isa = PBXSourcesBuildPhase;
			buildActionMask = 2147483647;
			files = (
				F5A1429822A7FA3F008D0DAA /* todoTests.swift in Sources */,
			);
			runOnlyForDeploymentPostprocessing = 0;
		};
		F5A1429A22A7FA3F008D0DAA /* Sources */ = {
			isa = PBXSourcesBuildPhase;
			buildActionMask = 2147483647;
			files = (
				F5A142A322A7FA3F008D0DAA /* todoUITests.swift in Sources */,
			);
			runOnlyForDeploymentPostprocessing = 0;
		};
/* End PBXSourcesBuildPhase section */

/* Begin PBXTargetDependency section */
		F5A1429522A7FA3F008D0DAA /* PBXTargetDependency */ = {
			isa = PBXTargetDependency;
			target = F5A1427B22A7FA3E008D0DAA /* todo */;
			targetProxy = F5A1429422A7FA3F008D0DAA /* PBXContainerItemProxy */;
		};
		F5A142A022A7FA3F008D0DAA /* PBXTargetDependency */ = {
			isa = PBXTargetDependency;
			target = F5A1427B22A7FA3E008D0DAA /* todo */;
			targetProxy = F5A1429F22A7FA3F008D0DAA /* PBXContainerItemProxy */;
		};
/* End PBXTargetDependency section */

/* Begin PBXVariantGroup section */
		F5A1428322A7FA3E008D0DAA /* Main.storyboard */ = {
			isa = PBXVariantGroup;
			children = (
				F5A1428422A7FA3E008D0DAA /* Base */,
			);
			name = Main.storyboard;
			sourceTree = "<group>";
		};
		F5A1428B22A7FA3F008D0DAA /* LaunchScreen.storyboard */ = {
			isa = PBXVariantGroup;
			children = (
				F5A1428C22A7FA3F008D0DAA /* Base */,
			);
			name = LaunchScreen.storyboard;
			sourceTree = "<group>";
		};
/* End PBXVariantGroup section */

/* Begin XCBuildConfiguration section */
		F5A142A522A7FA3F008D0DAA /* Debug */ = {
			isa = XCBuildConfiguration;
			buildSettings = {
				ALWAYS_SEARCH_USER_PATHS = NO;
				CLANG_ANALYZER_NONNULL = YES;
				CLANG_ANALYZER_NUMBER_OBJECT_CONVERSION = YES_AGGRESSIVE;
				CLANG_CXX_LANGUAGE_STANDARD = "gnu++14";
				CLANG_CXX_LIBRARY = "libc++";
				CLANG_ENABLE_MODULES = YES;
				CLANG_ENABLE_OBJC_ARC = YES;
				CLANG_ENABLE_OBJC_WEAK = YES;
				CLANG_WARN_BLOCK_CAPTURE_AUTORELEASING = YES;
				CLANG_WARN_BOOL_CONVERSION = YES;
				CLANG_WARN_COMMA = YES;
				CLANG_WARN_CONSTANT_CONVERSION = YES;
				CLANG_WARN_DEPRECATED_OBJC_IMPLEMENTATIONS = YES;
				CLANG_WARN_DIRECT_OBJC_ISA_USAGE = YES_ERROR;
				CLANG_WARN_DOCUMENTATION_COMMENTS = YES;
				CLANG_WARN_EMPTY_BODY = YES;
				CLANG_WARN_ENUM_CONVERSION = YES;
				CLANG_WARN_INFINITE_RECURSION = YES;
				CLANG_WARN_INT_CONVERSION = YES;
				CLANG_WARN_NON_LITERAL_NULL_CONVERSION = YES;
				CLANG_WARN_OBJC_IMPLICIT_RETAIN_SELF = YES;
				CLANG_WARN_OBJC_LITERAL_CONVERSION = YES;
				CLANG_WARN_OBJC_ROOT_CLASS = YES_ERROR;
				CLANG_WARN_RANGE_LOOP_ANALYSIS = YES;
				CLANG_WARN_STRICT_PROTOTYPES = YES;
				CLANG_WARN_SUSPICIOUS_MOVE = YES;
				CLANG_WARN_UNGUARDED_AVAILABILITY = YES_AGGRESSIVE;
				CLANG_WARN_UNREACHABLE_CODE = YES;
				CLANG_WARN__DUPLICATE_METHOD_MATCH = YES;
				CODE_SIGN_IDENTITY = "iPhone Developer";
				COPY_PHASE_STRIP = NO;
				DEBUG_INFORMATION_FORMAT = dwarf;
				ENABLE_STRICT_OBJC_MSGSEND = YES;
				ENABLE_TESTABILITY = YES;
				GCC_C_LANGUAGE_STANDARD = gnu11;
				GCC_DYNAMIC_NO_PIC = NO;
				GCC_NO_COMMON_BLOCKS = YES;
				GCC_OPTIMIZATION_LEVEL = 0;
				GCC_PREPROCESSOR_DEFINITIONS = (
					"DEBUG=1",
					"$(inherited)",
				);
				GCC_WARN_64_TO_32_BIT_CONVERSION = YES;
				GCC_WARN_ABOUT_RETURN_TYPE = YES_ERROR;
				GCC_WARN_UNDECLARED_SELECTOR = YES;
				GCC_WARN_UNINITIALIZED_AUTOS = YES_AGGRESSIVE;
				GCC_WARN_UNUSED_FUNCTION = YES;
				GCC_WARN_UNUSED_VARIABLE = YES;
				IPHONEOS_DEPLOYMENT_TARGET = 12.2;
				MTL_ENABLE_DEBUG_INFO = INCLUDE_SOURCE;
				MTL_FAST_MATH = YES;
				ONLY_ACTIVE_ARCH = YES;
				SDKROOT = iphoneos;
				SWIFT_ACTIVE_COMPILATION_CONDITIONS = DEBUG;
				SWIFT_OPTIMIZATION_LEVEL = "-Onone";
			};
			name = Debug;
		};
		F5A142A622A7FA3F008D0DAA /* Release */ = {
			isa = XCBuildConfiguration;
			buildSettings = {
				ALWAYS_SEARCH_USER_PATHS = NO;
				CLANG_ANALYZER_NONNULL = YES;
				CLANG_ANALYZER_NUMBER_OBJECT_CONVERSION = YES_AGGRESSIVE;
				CLANG_CXX_LANGUAGE_STANDARD = "gnu++14";
				CLANG_CXX_LIBRARY = "libc++";
				CLANG_ENABLE_MODULES = YES;
				CLANG_ENABLE_OBJC_ARC = YES;
				CLANG_ENABLE_OBJC_WEAK = YES;
				CLANG_WARN_BLOCK_CAPTURE_AUTORELEASING = YES;
				CLANG_WARN_BOOL_CONVERSION = YES;
				CLANG_WARN_COMMA = YES;
				CLANG_WARN_CONSTANT_CONVERSION = YES;
				CLANG_WARN_DEPRECATED_OBJC_IMPLEMENTATIONS = YES;
				CLANG_WARN_DIRECT_OBJC_ISA_USAGE = YES_ERROR;
				CLANG_WARN_DOCUMENTATION_COMMENTS = YES;
				CLANG_WARN_EMPTY_BODY = YES;
				CLANG_WARN_ENUM_CONVERSION = YES;
				CLANG_WARN_INFINITE_RECURSION = YES;
				CLANG_WARN_INT_CONVERSION = YES;
				CLANG_WARN_NON_LITERAL_NULL_CONVERSION = YES;
				CLANG_WARN_OBJC_IMPLICIT_RETAIN_SELF = YES;
				CLANG_WARN_OBJC_LITERAL_CONVERSION = YES;
				CLANG_WARN_OBJC_ROOT_CLASS = YES_ERROR;
				CLANG_WARN_RANGE_LOOP_ANALYSIS = YES;
				CLANG_WARN_STRICT_PROTOTYPES = YES;
				CLANG_WARN_SUSPICIOUS_MOVE = YES;
				CLANG_WARN_UNGUARDED_AVAILABILITY = YES_AGGRESSIVE;
				CLANG_WARN_UNREACHABLE_CODE = YES;
				CLANG_WARN__DUPLICATE_METHOD_MATCH = YES;
				CODE_SIGN_IDENTITY = "iPhone Developer";
				COPY_PHASE_STRIP = NO;
				DEBUG_INFORMATION_FORMAT = "dwarf-with-dsym";
				ENABLE_NS_ASSERTIONS = NO;
				ENABLE_STRICT_OBJC_MSGSEND = YES;
				GCC_C_LANGUAGE_STANDARD = gnu11;
				GCC_NO_COMMON_BLOCKS = YES;
				GCC_WARN_64_TO_32_BIT_CONVERSION = YES;
				GCC_WARN_ABOUT_RETURN_TYPE = YES_ERROR;
				GCC_WARN_UNDECLARED_SELECTOR = YES;
				GCC_WARN_UNINITIALIZED_AUTOS = YES_AGGRESSIVE;
				GCC_WARN_UNUSED_FUNCTION = YES;
				GCC_WARN_UNUSED_VARIABLE = YES;
				IPHONEOS_DEPLOYMENT_TARGET = 12.2;
				MTL_ENABLE_DEBUG_INFO = NO;
				MTL_FAST_MATH = YES;
				SDKROOT = iphoneos;
				SWIFT_COMPILATION_MODE = wholemodule;
				SWIFT_OPTIMIZATION_LEVEL = "-O";
				VALIDATE_PRODUCT = YES;
			};
			name = Release;
		};
		F5A142A822A7FA3F008D0DAA /* Debug */ = {
			isa = XCBuildConfiguration;
			buildSettings = {
				ASSETCATALOG_COMPILER_APPICON_NAME = AppIcon;
				CODE_SIGN_STYLE = Automatic;
				DEVELOPMENT_TEAM = 7H3V28KGF4;
				INFOPLIST_FILE = todo/Info.plist;
				LD_RUNPATH_SEARCH_PATHS = (
					"$(inherited)",
					"@executable_path/Frameworks",
				);
				PRODUCT_BUNDLE_IDENTIFIER = KWK.todo;
				PRODUCT_NAME = "$(TARGET_NAME)";
				SWIFT_VERSION = 5.0;
				TARGETED_DEVICE_FAMILY = "1,2";
			};
			name = Debug;
		};
		F5A142A922A7FA3F008D0DAA /* Release */ = {
			isa = XCBuildConfiguration;
			buildSettings = {
				ASSETCATALOG_COMPILER_APPICON_NAME = AppIcon;
				CODE_SIGN_STYLE = Automatic;
				DEVELOPMENT_TEAM = 7H3V28KGF4;
				INFOPLIST_FILE = todo/Info.plist;
				LD_RUNPATH_SEARCH_PATHS = (
					"$(inherited)",
					"@executable_path/Frameworks",
				);
				PRODUCT_BUNDLE_IDENTIFIER = KWK.todo;
				PRODUCT_NAME = "$(TARGET_NAME)";
				SWIFT_VERSION = 5.0;
				TARGETED_DEVICE_FAMILY = "1,2";
			};
			name = Release;
		};
		F5A142AB22A7FA3F008D0DAA /* Debug */ = {
			isa = XCBuildConfiguration;
			buildSettings = {
				ALWAYS_EMBED_SWIFT_STANDARD_LIBRARIES = YES;
				BUNDLE_LOADER = "$(TEST_HOST)";
				CODE_SIGN_STYLE = Automatic;
				DEVELOPMENT_TEAM = 7H3V28KGF4;
				INFOPLIST_FILE = todoTests/Info.plist;
				LD_RUNPATH_SEARCH_PATHS = (
					"$(inherited)",
					"@executable_path/Frameworks",
					"@loader_path/Frameworks",
				);
				PRODUCT_BUNDLE_IDENTIFIER = KWK.todoTests;
				PRODUCT_NAME = "$(TARGET_NAME)";
				SWIFT_VERSION = 5.0;
				TARGETED_DEVICE_FAMILY = "1,2";
				TEST_HOST = "$(BUILT_PRODUCTS_DIR)/todo.app/todo";
			};
			name = Debug;
		};
		F5A142AC22A7FA3F008D0DAA /* Release */ = {
			isa = XCBuildConfiguration;
			buildSettings = {
				ALWAYS_EMBED_SWIFT_STANDARD_LIBRARIES = YES;
				BUNDLE_LOADER = "$(TEST_HOST)";
				CODE_SIGN_STYLE = Automatic;
				DEVELOPMENT_TEAM = 7H3V28KGF4;
				INFOPLIST_FILE = todoTests/Info.plist;
				LD_RUNPATH_SEARCH_PATHS = (
					"$(inherited)",
					"@executable_path/Frameworks",
					"@loader_path/Frameworks",
				);
				PRODUCT_BUNDLE_IDENTIFIER = KWK.todoTests;
				PRODUCT_NAME = "$(TARGET_NAME)";
				SWIFT_VERSION = 5.0;
				TARGETED_DEVICE_FAMILY = "1,2";
				TEST_HOST = "$(BUILT_PRODUCTS_DIR)/todo.app/todo";
			};
			name = Release;
		};
		F5A142AE22A7FA3F008D0DAA /* Debug */ = {
			isa = XCBuildConfiguration;
			buildSettings = {
				ALWAYS_EMBED_SWIFT_STANDARD_LIBRARIES = YES;
				CODE_SIGN_STYLE = Automatic;
				DEVELOPMENT_TEAM = 7H3V28KGF4;
				INFOPLIST_FILE = todoUITests/Info.plist;
				LD_RUNPATH_SEARCH_PATHS = (
					"$(inherited)",
					"@executable_path/Frameworks",
					"@loader_path/Frameworks",
				);
				PRODUCT_BUNDLE_IDENTIFIER = KWK.todoUITests;
				PRODUCT_NAME = "$(TARGET_NAME)";
				SWIFT_VERSION = 5.0;
				TARGETED_DEVICE_FAMILY = "1,2";
				TEST_TARGET_NAME = todo;
			};
			name = Debug;
		};
		F5A142AF22A7FA3F008D0DAA /* Release */ = {
			isa = XCBuildConfiguration;
			buildSettings = {
				ALWAYS_EMBED_SWIFT_STANDARD_LIBRARIES = YES;
				CODE_SIGN_STYLE = Automatic;
				DEVELOPMENT_TEAM = 7H3V28KGF4;
				INFOPLIST_FILE = todoUITests/Info.plist;
				LD_RUNPATH_SEARCH_PATHS = (
					"$(inherited)",
					"@executable_path/Frameworks",
					"@loader_path/Frameworks",
				);
				PRODUCT_BUNDLE_IDENTIFIER = KWK.todoUITests;
				PRODUCT_NAME = "$(TARGET_NAME)";
				SWIFT_VERSION = 5.0;
				TARGETED_DEVICE_FAMILY = "1,2";
				TEST_TARGET_NAME = todo;
			};
			name = Release;
		};
/* End XCBuildConfiguration section */

/* Begin XCConfigurationList section */
		F5A1427722A7FA3E008D0DAA /* Build configuration list for PBXProject "todo" */ = {
			isa = XCConfigurationList;
			buildConfigurations = (
				F5A142A522A7FA3F008D0DAA /* Debug */,
				F5A142A622A7FA3F008D0DAA /* Release */,
			);
			defaultConfigurationIsVisible = 0;
			defaultConfigurationName = Release;
		};
		F5A142A722A7FA3F008D0DAA /* Build configuration list for PBXNativeTarget "todo" */ = {
			isa = XCConfigurationList;
			buildConfigurations = (
				F5A142A822A7FA3F008D0DAA /* Debug */,
				F5A142A922A7FA3F008D0DAA /* Release */,
			);
			defaultConfigurationIsVisible = 0;
			defaultConfigurationName = Release;
		};
		F5A142AA22A7FA3F008D0DAA /* Build configuration list for PBXNativeTarget "todoTests" */ = {
			isa = XCConfigurationList;
			buildConfigurations = (
				F5A142AB22A7FA3F008D0DAA /* Debug */,
				F5A142AC22A7FA3F008D0DAA /* Release */,
			);
			defaultConfigurationIsVisible = 0;
			defaultConfigurationName = Release;
		};
		F5A142AD22A7FA3F008D0DAA /* Build configuration list for PBXNativeTarget "todoUITests" */ = {
			isa = XCConfigurationList;
			buildConfigurations = (
				F5A142AE22A7FA3F008D0DAA /* Debug */,
				F5A142AF22A7FA3F008D0DAA /* Release */,
			);
			defaultConfigurationIsVisible = 0;
			defaultConfigurationName = Release;
		};
/* End XCConfigurationList section */

/* Begin XCVersionGroup section */
		F5A1428622A7FA3E008D0DAA /* todo.xcdatamodeld */ = {
			isa = XCVersionGroup;
			children = (
				F5A1428722A7FA3E008D0DAA /* todo.xcdatamodel */,
			);
			currentVersion = F5A1428722A7FA3E008D0DAA /* todo.xcdatamodel */;
			path = todo.xcdatamodeld;
			sourceTree = "<group>";
			versionGroupType = wrapper.xcdatamodel;
		};
/* End XCVersionGroup section */
	};
	rootObject = F5A1427422A7FA3E008D0DAA /* Project object */;
}
